{
  "name": "@lautag/webpack-templates",
  "version": "2.0.0",
  "lockfileVersion": 1,
  "requires": true,
  "dependencies": {
    "@lautag/eslint-config": {
      "version": "2.0.0",
      "resolved": "https://registry.npmjs.org/@lautag/eslint-config/-/eslint-config-2.0.0.tgz",
      "integrity": "sha512-1+zdy2oINhYExhHbLq2ENwR+JiSWZ+F9cGkbt6gBPc8+ebN0nX94v6m2hHJ0Fg6sN8xmsNhDcD5Ot5e8VNH4lA==",
      "dev": true
    }
  }
}
